
Microsoft Visual Studio Solution File, Format Version 12.00
# Visual Studio 15
VisualStudioVersion = 15.0.26124.0
MinimumVisualStudioVersion = 15.0.26124.0
Project("{FAE04EC0-301F-11D3-BF4B-00C04F79EFBC}") = "Checkers", "Checkers\Checkers.csproj", "{122E089A-5A52-4C74-AA2F-F975D58CB75E}"
EndProject
Project("{FAE04EC0-301F-11D3-BF4B-00C04F79EFBC}") = "Checkers.Test", "Checkers.Test\Checkers.Test.csproj", "{6DAB2427-B584-4699-852F-E9589F923B56}"
EndProject
Global
	GlobalSection(SolutionConfigurationPlatforms) = preSolution
		Debug|Any CPU = Debug|Any CPU
		Debug|x64 = Debug|x64
		Debug|x86 = Debug|x86
		Release|Any CPU = Release|Any CPU
		Release|x64 = Release|x64
		Release|x86 = Release|x86
	EndGlobalSection
	GlobalSection(SolutionProperties) = preSolution
		HideSolutionNode = FALSE
	EndGlobalSection
	GlobalSection(ProjectConfigurationPlatforms) = postSolution
		{122E089A-5A52-4C74-AA2F-F975D58CB75E}.Debug|Any CPU.ActiveCfg = Debug|Any CPU
		{122E089A-5A52-4C74-AA2F-F975D58CB75E}.Debug|Any CPU.Build.0 = Debug|Any CPU
		{122E089A-5A52-4C74-AA2F-F975D58CB75E}.Debug|x64.ActiveCfg = Debug|x64
		{122E089A-5A52-4C74-AA2F-F975D58CB75E}.Debug|x64.Build.0 = Debug|x64
		{122E089A-5A52-4C74-AA2F-F975D58CB75E}.Debug|x86.ActiveCfg = Debug|x86
		{122E089A-5A52-4C74-AA2F-F975D58CB75E}.Debug|x86.Build.0 = Debug|x86
		{122E089A-5A52-4C74-AA2F-F975D58CB75E}.Release|Any CPU.ActiveCfg = Release|Any CPU
		{122E089A-5A52-4C74-AA2F-F975D58CB75E}.Release|Any CPU.Build.0 = Release|Any CPU
		{122E089A-5A52-4C74-AA2F-F975D58CB75E}.Release|x64.ActiveCfg = Release|x64
		{122E089A-5A52-4C74-AA2F-F975D58CB75E}.Release|x64.Build.0 = Release|x64
		{122E089A-5A52-4C74-AA2F-F975D58CB75E}.Release|x86.ActiveCfg = Release|x86
		{122E089A-5A52-4C74-AA2F-F975D58CB75E}.Release|x86.Build.0 = Release|x86
		{6DAB2427-B584-4699-852F-E9589F923B56}.Debug|Any CPU.ActiveCfg = Debug|Any CPU
		{6DAB2427-B584-4699-852F-E9589F923B56}.Debug|Any CPU.Build.0 = Debug|Any CPU
		{6DAB2427-B584-4699-852F-E9589F923B56}.Debug|x64.ActiveCfg = Debug|x64
		{6DAB2427-B584-4699-852F-E9589F923B56}.Debug|x64.Build.0 = Debug|x64
		{6DAB2427-B584-4699-852F-E9589F923B56}.Debug|x86.ActiveCfg = Debug|x86
		{6DAB2427-B584-4699-852F-E9589F923B56}.Debug|x86.Build.0 = Debug|x86
		{6DAB2427-B584-4699-852F-E9589F923B56}.Release|Any CPU.ActiveCfg = Release|Any CPU
		{6DAB2427-B584-4699-852F-E9589F923B56}.Release|Any CPU.Build.0 = Release|Any CPU
		{6DAB2427-B584-4699-852F-E9589F923B56}.Release|x64.ActiveCfg = Release|x64
		{6DAB2427-B584-4699-852F-E9589F923B56}.Release|x64.Build.0 = Release|x64
		{6DAB2427-B584-4699-852F-E9589F923B56}.Release|x86.ActiveCfg = Release|x86
		{6DAB2427-B584-4699-852F-E9589F923B56}.Release|x86.Build.0 = Release|x86
	EndGlobalSection
EndGlobal
